
Microsoft Visual Studio Solution File, Format Version 12.00
# Visual Studio 15
VisualStudioVersion = 15.0.28307.136
MinimumVisualStudioVersion = 10.0.40219.1
Project("{FAE04EC0-301F-11D3-BF4B-00C04F79EFBC}") = "PerfilAluno", "PerfilAluno\PerfilAluno.csproj", "{8BA6CF12-5D05-48A3-9432-611D5E5A9BAD}"
EndProject
Global
	GlobalSection(SolutionConfigurationPlatforms) = preSolution
		Debug|Any CPU = Debug|Any CPU
		Release|Any CPU = Release|Any CPU
	EndGlobalSection
	GlobalSection(ProjectConfigurationPlatforms) = postSolution
		{8BA6CF12-5D05-48A3-9432-611D5E5A9BAD}.Debug|Any CPU.ActiveCfg = Debug|Any CPU
		{8BA6CF12-5D05-48A3-9432-611D5E5A9BAD}.Debug|Any CPU.Build.0 = Debug|Any CPU
		{8BA6CF12-5D05-48A3-9432-611D5E5A9BAD}.Release|Any CPU.ActiveCfg = Release|Any CPU
		{8BA6CF12-5D05-48A3-9432-611D5E5A9BAD}.Release|Any CPU.Build.0 = Release|Any CPU
	EndGlobalSection
	GlobalSection(SolutionProperties) = preSolution
		HideSolutionNode = FALSE
	EndGlobalSection
	GlobalSection(ExtensibilityGlobals) = postSolution
		SolutionGuid = {1C726BB9-8166-495D-88D6-F3203379BBF9}
	EndGlobalSection
EndGlobal
